
Microsoft Visual Studio Solution File, Format Version 12.00
# Visual Studio Version 17
VisualStudioVersion = 17.0.32126.317
MinimumVisualStudioVersion = 10.0.40219.1
Project("{FAE04EC0-301F-11D3-BF4B-00C04F79EFBC}") = "prsdch", "prsdch\prsdch.csproj", "{398FF13B-6D47-4C3D-A1B6-5A6C5E3AFCF0}"
EndProject
Global
	GlobalSection(SolutionConfigurationPlatforms) = preSolution
		Debug|Any CPU = Debug|Any CPU
		Release|Any CPU = Release|Any CPU
	EndGlobalSection
	GlobalSection(ProjectConfigurationPlatforms) = postSolution
		{398FF13B-6D47-4C3D-A1B6-5A6C5E3AFCF0}.Debug|Any CPU.ActiveCfg = Debug|Any CPU
		{398FF13B-6D47-4C3D-A1B6-5A6C5E3AFCF0}.Debug|Any CPU.Build.0 = Debug|Any CPU
		{398FF13B-6D47-4C3D-A1B6-5A6C5E3AFCF0}.Release|Any CPU.ActiveCfg = Release|Any CPU
		{398FF13B-6D47-4C3D-A1B6-5A6C5E3AFCF0}.Release|Any CPU.Build.0 = Release|Any CPU
	EndGlobalSection
	GlobalSection(SolutionProperties) = preSolution
		HideSolutionNode = FALSE
	EndGlobalSection
	GlobalSection(ExtensibilityGlobals) = postSolution
		SolutionGuid = {E64704CC-EB1A-42E0-AD75-4268219C1416}
	EndGlobalSection
EndGlobal
